
Microsoft Visual Studio Solution File, Format Version 12.00
# Visual Studio Version 17
VisualStudioVersion = 17.10.35027.167
MinimumVisualStudioVersion = 10.0.40219.1
Project("{FAE04EC0-301F-11D3-BF4B-00C04F79EFBC}") = "IfElseExercise", "IfElseExercise\IfElseExercise.csproj", "{9F50B04E-2045-4F45-8D50-919ECBE8BB67}"
EndProject
Global
	GlobalSection(SolutionConfigurationPlatforms) = preSolution
		Debug|Any CPU = Debug|Any CPU
		Release|Any CPU = Release|Any CPU
	EndGlobalSection
	GlobalSection(ProjectConfigurationPlatforms) = postSolution
		{9F50B04E-2045-4F45-8D50-919ECBE8BB67}.Debug|Any CPU.ActiveCfg = Debug|Any CPU
		{9F50B04E-2045-4F45-8D50-919ECBE8BB67}.Debug|Any CPU.Build.0 = Debug|Any CPU
		{9F50B04E-2045-4F45-8D50-919ECBE8BB67}.Release|Any CPU.ActiveCfg = Release|Any CPU
		{9F50B04E-2045-4F45-8D50-919ECBE8BB67}.Release|Any CPU.Build.0 = Release|Any CPU
	EndGlobalSection
	GlobalSection(SolutionProperties) = preSolution
		HideSolutionNode = FALSE
	EndGlobalSection
	GlobalSection(ExtensibilityGlobals) = postSolution
		SolutionGuid = {2DF97A25-396F-4FC7-A6D2-270195B205AC}
	EndGlobalSection
EndGlobal
